<?xml version="1.0" encoding="utf-8"?>
<Project ToolsVersion="4.0" xmlns="http://schemas.microsoft.com/developer/msbuild/2003">
  <ItemGroup>
    <Filter Include="Source Files">
      <UniqueIdentifier>{4FC737F1-C7A5-4376-A066-2A32D752A2FF}</UniqueIdentifier>
      <Extensions>cpp;c;cc;cxx;c++;cppm;ixx;def;odl;idl;hpj;bat;asm;asmx</Extensions>
    </Filter>
    <Filter Include="Resource Files">
      <UniqueIdentifier>{67DA6AB6-F800-4c08-8B7A-83BB121AAD01}</UniqueIdentifier>
      <Extensions>rc;ico;cur;bmp;dlg;rc2;rct;bin;rgs;gif;jpg;jpeg;jpe;resx;tiff;tif;png;wav;mfcribbon-ms</Extensions>
    </Filter>
    <Filter Include="Source Files\Materials">
      <UniqueIdentifier>{1c5743fc-2a47-4469-90ba-1e0963f0aa6a}</UniqueIdentifier>
    </Filter>
    <Filter Include="Source Files\Cameras">
      <UniqueIdentifier>{731e28f5-45a6-4bb7-b1af-5db285eebdf3}</UniqueIdentifier>
    </Filter>
    <Filter Include="Source Files\Shapes">
      <UniqueIdentifier>{fc00a580-c31a-44cb-9b5f-cb75f18b23cc}</UniqueIdentifier>
    </Filter>
    <Filter Include="Source Files\Shapes\Csg">
      <UniqueIdentifier>{87742be2-c41c-4f9f-ad5c-cd9454919252}</UniqueIdentifier>
    </Filter>
    <Filter Include="Source Files\Lights">
      <UniqueIdentifier>{0f81dc94-9b1e-41bc-9b2a-5acb7bd551a9}</UniqueIdentifier>
    </Filter>
    <Filter Include="Source Files\Renderers">
      <UniqueIdentifier>{21c3dcfa-27b0-46aa-b46f-c80eef515f47}</UniqueIdentifier>
    </Filter>
    <Filter Include="Source Files\Spatial subdivision">
      <UniqueIdentifier>{c1bc26bb-0b76-4332-864e-d68ccda31fd3}</UniqueIdentifier>
    </Filter>
    <Filter Include="Source Files\System">
      <UniqueIdentifier>{a513da3b-793f-4275-bf82-3341ad1f3e78}</UniqueIdentifier>
    </Filter>
    <Filter Include="Source Files\Math">
      <UniqueIdentifier>{748ccd6b-554b-4283-82fd-f772384bfcca}</UniqueIdentifier>
    </Filter>
    <Filter Include="Source Files\Utils">
      <UniqueIdentifier>{dcb247f0-d5ac-43e9-8f98-53c781b0cbae}</UniqueIdentifier>
    </Filter>
    <Filter Include="Source Files\Lights\EnvironmentLights">
      <UniqueIdentifier>{c50c8409-bdfb-4472-a2c1-56baab79e891}</UniqueIdentifier>
    </Filter>
  </ItemGroup>
  <ItemGroup>
    <ClCompile Include="source\Bytestream.cpp">
      <Filter>Source Files</Filter>
    </ClCompile>
    <ClCompile Include="source\Color.cpp">
      <Filter>Source Files</Filter>
    </ClCompile>
    <ClCompile Include="source\ColorBuffer.cpp">
      <Filter>Source Files</Filter>
    </ClCompile>
    <ClCompile Include="source\Model.cpp">
      <Filter>Source Files</Filter>
    </ClCompile>
    <ClCompile Include="source\Scene.cpp">
      <Filter>Source Files</Filter>
    </ClCompile>
    <ClCompile Include="source\Texture.cpp">
      <Filter>Source Files</Filter>
    </ClCompile>
    <ClCompile Include="source\PhongMaterial.cpp">
      <Filter>Source Files\Materials</Filter>
    </ClCompile>
    <ClCompile Include="source\MirrorMaterial.cpp">
      <Filter>Source Files\Materials</Filter>
    </ClCompile>
    <ClCompile Include="source\LambertianMaterial.cpp">
      <Filter>Source Files\Materials</Filter>
    </ClCompile>
    <ClCompile Include="source\EmissiveMaterial.cpp">
      <Filter>Source Files\Materials</Filter>
    </ClCompile>
    <ClCompile Include="source\DielectricMaterial.cpp">
      <Filter>Source Files\Materials</Filter>
    </ClCompile>
    <ClCompile Include="source\Camera.cpp">
      <Filter>Source Files\Cameras</Filter>
    </ClCompile>
    <ClCompile Include="source\PinholeCamera.cpp">
      <Filter>Source Files\Cameras</Filter>
    </ClCompile>
    <ClCompile Include="source\ThinLensCamera.cpp">
      <Filter>Source Files\Cameras</Filter>
    </ClCompile>
    <ClCompile Include="source\CsgCuboid.cpp">
      <Filter>Source Files\Shapes\Csg</Filter>
    </ClCompile>
    <ClCompile Include="source\CsgCylinder.cpp">
      <Filter>Source Files\Shapes\Csg</Filter>
    </ClCompile>
    <ClCompile Include="source\CsgDifference.cpp">
      <Filter>Source Files\Shapes\Csg</Filter>
    </ClCompile>
    <ClCompile Include="source\CsgIntersection.cpp">
      <Filter>Source Files\Shapes\Csg</Filter>
    </ClCompile>
    <ClCompile Include="source\CsgObject.cpp">
      <Filter>Source Files\Shapes\Csg</Filter>
    </ClCompile>
    <ClCompile Include="source\CsgSphere.cpp">
      <Filter>Source Files\Shapes\Csg</Filter>
    </ClCompile>
    <ClCompile Include="source\TriangleMesh.cpp">
      <Filter>Source Files\Shapes</Filter>
    </ClCompile>
    <ClCompile Include="source\Triangle.cpp">
      <Filter>Source Files\Shapes</Filter>
    </ClCompile>
    <ClCompile Include="source\Primitive.cpp">
      <Filter>Source Files\Shapes</Filter>
    </ClCompile>
    <ClCompile Include="source\Sphere.cpp">
      <Filter>Source Files\Shapes</Filter>
    </ClCompile>
    <ClCompile Include="source\MeshLight.cpp">
      <Filter>Source Files\Lights</Filter>
    </ClCompile>
    <ClCompile Include="source\LightTree.cpp">
      <Filter>Source Files\Lights</Filter>
    </ClCompile>
    <ClCompile Include="source\AreaLight.cpp">
      <Filter>Source Files\Lights</Filter>
    </ClCompile>
    <ClCompile Include="source\AshikhminShirley.cpp">
      <Filter>Source Files\Materials</Filter>
    </ClCompile>
    <ClCompile Include="source\BDPT.cpp">
      <Filter>Source Files\Renderers</Filter>
    </ClCompile>
    <ClCompile Include="source\LightTracer.cpp">
      <Filter>Source Files\Renderers</Filter>
    </ClCompile>
    <ClCompile Include="source\RayTracer.cpp">
      <Filter>Source Files\Renderers</Filter>
    </ClCompile>
    <ClCompile Include="source\PathTracer.cpp">
      <Filter>Source Files\Renderers</Filter>
    </ClCompile>
    <ClCompile Include="source\KDTree.cpp">
      <Filter>Source Files\Spatial subdivision</Filter>
    </ClCompile>
    <ClCompile Include="source\Renderer.cpp">
      <Filter>Source Files\Renderers</Filter>
    </ClCompile>
    <ClCompile Include="source\Rendering.cpp">
      <Filter>Source Files\Renderers</Filter>
    </ClCompile>
    <ClCompile Include="source\Input.cpp">
      <Filter>Source Files\System</Filter>
    </ClCompile>
    <ClCompile Include="source\Main.cpp">
      <Filter>Source Files\System</Filter>
    </ClCompile>
    <ClCompile Include="source\SphereLight.cpp">
      <Filter>Source Files\Lights</Filter>
    </ClCompile>
    <ClCompile Include="source\Vertex3d.cpp">
      <Filter>Source Files\Math</Filter>
    </ClCompile>
    <ClCompile Include="source\Vector3d.cpp">
      <Filter>Source Files\Math</Filter>
    </ClCompile>
    <ClCompile Include="source\Ray.cpp">
      <Filter>Source Files\Math</Filter>
    </ClCompile>
    <ClCompile Include="source\Random.cpp">
      <Filter>Source Files\Math</Filter>
    </ClCompile>
    <ClCompile Include="source\Matrix3d.cpp">
      <Filter>Source Files\Math</Filter>
    </ClCompile>
    <ClCompile Include="source\IntersectionInfo.cpp">
      <Filter>Source Files\Math</Filter>
    </ClCompile>
    <ClCompile Include="source\GeometricRoutines.cpp">
      <Filter>Source Files\Math</Filter>
    </ClCompile>
    <ClCompile Include="source\Material.cpp">
      <Filter>Source Files\Materials</Filter>
    </ClCompile>
    <ClCompile Include="source\Light.cpp">
      <Filter>Source Files\Lights</Filter>
    </ClCompile>
    <ClCompile Include="source\Timer.cpp">
      <Filter>Source Files\System</Filter>
    </ClCompile>
    <ClCompile Include="source\Logger.cpp">
      <Filter>Source Files\System</Filter>
    </ClCompile>
    <ClCompile Include="source\BoundingBox.cpp">
      <Filter>Source Files\Math</Filter>
    </ClCompile>
    <ClCompile Include="source\Gfx.cpp">
      <Filter>Source Files\System</Filter>
    </ClCompile>
    <ClCompile Include="source\Utils.cpp">
      <Filter>Source Files\Utils</Filter>
    </ClCompile>
    <ClCompile Include="source\SpatialPartitioning.h">
      <Filter>Source Files\Spatial subdivision</Filter>
    </ClCompile>
    <ClCompile Include="source\BrutePartitioning.cpp">
      <Filter>Source Files\Spatial subdivision</Filter>
    </ClCompile>
    <ClCompile Include="source\Cubemap.cpp">
      <Filter>Source Files\Lights\EnvironmentLights</Filter>
    </ClCompile>
    <ClCompile Include="source\PreethamSky.cpp">
      <Filter>Source Files\Lights\EnvironmentLights</Filter>
    </ClCompile>
    <ClCompile Include="source\EnvironmentLight.cpp">
      <Filter>Source Files\Lights\EnvironmentLights</Filter>
    </ClCompile>
    <ClCompile Include="source\Sample.cpp">
      <Filter>Source Files</Filter>
    </ClCompile>
    <ClCompile Include="source\Draw.cpp">
      <Filter>Source Files</Filter>
    </ClCompile>
  </ItemGroup>
  <ItemGroup>
    <ClInclude Include="source\Vertex3d.h">
      <Filter>Source Files\Math</Filter>
    </ClInclude>
    <ClInclude Include="source\Vector3d.h">
      <Filter>Source Files\Math</Filter>
    </ClInclude>
    <ClInclude Include="source\TriangleMesh.h">
      <Filter>Source Files\Shapes</Filter>
    </ClInclude>
    <ClInclude Include="source\Triangle.h">
      <Filter>Source Files\Shapes</Filter>
    </ClInclude>
    <ClInclude Include="source\Sphere.h">
      <Filter>Source Files\Shapes</Filter>
    </ClInclude>
    <ClInclude Include="source\Primitive.h">
      <Filter>Source Files\Shapes</Filter>
    </ClInclude>
    <ClInclude Include="source\AreaLight.h">
      <Filter>Source Files\Lights</Filter>
    </ClInclude>
    <ClInclude Include="source\Light.h">
      <Filter>Source Files\Lights</Filter>
    </ClInclude>
    <ClInclude Include="source\MeshLight.h">
      <Filter>Source Files\Lights</Filter>
    </ClInclude>
    <ClInclude Include="source\CsgSphere.h">
      <Filter>Source Files\Shapes\Csg</Filter>
    </ClInclude>
    <ClInclude Include="source\CsgCuboid.h">
      <Filter>Source Files\Shapes\Csg</Filter>
    </ClInclude>
    <ClInclude Include="source\CsgCylinder.h">
      <Filter>Source Files\Shapes\Csg</Filter>
    </ClInclude>
    <ClInclude Include="source\CsgDifference.h">
      <Filter>Source Files\Shapes\Csg</Filter>
    </ClInclude>
    <ClInclude Include="source\CsgIntersection.h">
      <Filter>Source Files\Shapes\Csg</Filter>
    </ClInclude>
    <ClInclude Include="source\CsgObject.h">
      <Filter>Source Files\Shapes\Csg</Filter>
    </ClInclude>
    <ClInclude Include="source\PinholeCamera.h">
      <Filter>Source Files\Cameras</Filter>
    </ClInclude>
    <ClInclude Include="source\ThinLensCamera.h">
      <Filter>Source Files\Cameras</Filter>
    </ClInclude>
    <ClInclude Include="source\BDPT.h">
      <Filter>Source Files\Renderers</Filter>
    </ClInclude>
    <ClInclude Include="source\RayTracer.h">
      <Filter>Source Files\Renderers</Filter>
    </ClInclude>
    <ClInclude Include="source\PathTracer.h">
      <Filter>Source Files\Renderers</Filter>
    </ClInclude>
    <ClInclude Include="source\LightTracer.h">
      <Filter>Source Files\Renderers</Filter>
    </ClInclude>
    <ClInclude Include="source\SphereLight.h">
      <Filter>Source Files\Lights</Filter>
    </ClInclude>
    <ClInclude Include="source\AshikhminShirley.h">
      <Filter>Source Files\Materials</Filter>
    </ClInclude>
    <ClInclude Include="source\DielectricMaterial.h">
      <Filter>Source Files\Materials</Filter>
    </ClInclude>
    <ClInclude Include="source\EmissiveMaterial.h">
      <Filter>Source Files\Materials</Filter>
    </ClInclude>
    <ClInclude Include="source\LambertianMaterial.h">
      <Filter>Source Files\Materials</Filter>
    </ClInclude>
    <ClInclude Include="source\MirrorMaterial.h">
      <Filter>Source Files\Materials</Filter>
    </ClInclude>
    <ClInclude Include="source\PhongMaterial.h">
      <Filter>Source Files\Materials</Filter>
    </ClInclude>
    <ClInclude Include="source\Camera.h">
      <Filter>Source Files\Cameras</Filter>
    </ClInclude>
    <ClInclude Include="source\BoundingBox.h">
      <Filter>Source Files\Math</Filter>
    </ClInclude>
    <ClInclude Include="source\Random.h">
      <Filter>Source Files\Math</Filter>
    </ClInclude>
    <ClInclude Include="source\Matrix3d.h">
      <Filter>Source Files\Math</Filter>
    </ClInclude>
    <ClInclude Include="source\Input.h">
      <Filter>Source Files\System</Filter>
    </ClInclude>
    <ClInclude Include="source\Gfx.h">
      <Filter>Source Files\System</Filter>
    </ClInclude>
    <ClInclude Include="source\Bytestream.h">
      <Filter>Source Files</Filter>
    </ClInclude>
    <ClInclude Include="source\Color.h">
      <Filter>Source Files</Filter>
    </ClInclude>
    <ClInclude Include="source\ColorBuffer.h">
      <Filter>Source Files</Filter>
    </ClInclude>
    <ClInclude Include="source\Model.h">
      <Filter>Source Files</Filter>
    </ClInclude>
    <ClInclude Include="source\Scene.h">
      <Filter>Source Files</Filter>
    </ClInclude>
    <ClInclude Include="source\Texture.h">
      <Filter>Source Files</Filter>
    </ClInclude>
    <ClInclude Include="source\Ray.h">
      <Filter>Source Files\Math</Filter>
    </ClInclude>
    <ClInclude Include="source\Timer.h">
      <Filter>Source Files\System</Filter>
    </ClInclude>
    <ClInclude Include="source\Material.h">
      <Filter>Source Files\Materials</Filter>
    </ClInclude>
    <ClInclude Include="source\Renderer.h">
      <Filter>Source Files\Renderers</Filter>
    </ClInclude>
    <ClInclude Include="source\Rendering.h">
      <Filter>Source Files\Renderers</Filter>
    </ClInclude>
    <ClInclude Include="source\Logger.h">
      <Filter>Source Files\System</Filter>
    </ClInclude>
    <ClInclude Include="source\GeometricRoutines.h">
      <Filter>Source Files\Math</Filter>
    </ClInclude>
    <ClInclude Include="source\Main.h">
      <Filter>Source Files\System</Filter>
    </ClInclude>
    <ClInclude Include="source\LightTree.h">
      <Filter>Source Files\Lights</Filter>
    </ClInclude>
    <ClInclude Include="source\IntersectionInfo.h">
      <Filter>Source Files\Math</Filter>
    </ClInclude>
    <ClInclude Include="source\Utils.h">
      <Filter>Source Files\Utils</Filter>
    </ClInclude>
    <ClInclude Include="source\KDTree.h">
      <Filter>Source Files\Spatial subdivision</Filter>
    </ClInclude>
    <ClInclude Include="source\BrutePartitioning.h">
      <Filter>Source Files\Spatial subdivision</Filter>
    </ClInclude>
    <ClInclude Include="source\Cubemap.h">
      <Filter>Source Files\Lights\EnvironmentLights</Filter>
    </ClInclude>
    <ClInclude Include="source\PreethamSky.h">
      <Filter>Source Files\Lights\EnvironmentLights</Filter>
    </ClInclude>
    <ClInclude Include="source\EnvironmentLight.h">
      <Filter>Source Files\Lights\EnvironmentLights</Filter>
    </ClInclude>
    <ClInclude Include="source\Sample.h">
      <Filter>Source Files</Filter>
    </ClInclude>
    <ClInclude Include="source\Draw.h">
      <Filter>Source Files</Filter>
    </ClInclude>
  </ItemGroup>
  <ItemGroup>
    <Text Include="source\TODO.txt" />
  </ItemGroup>
</Project>